<?xml version="1.0"?>
<CONFIG>
  <ProjectOptions>
    <Version Value="9"/>
    <PathDelim Value="\"/>
    <General>
      <SessionStorage Value="InProjectDir"/>
      <MainUnit Value="0"/>
      <Title Value="OvoPlayer"/>
      <ResourceType Value="res"/>
      <UseXPManifest Value="True"/>
      <XPManifest>
        <DpiAware Value="True"/>
        <UIAccess Value="True"/>
      </XPManifest>
      <Icon Value="0"/>
    </General>
    <i18n>
      <EnableI18N Value="True"/>
      <OutDir Value="..\language"/>
    </i18n>
    <VersionInfo>
      <UseVersionInfo Value="True"/>
      <RevisionNr Value="5"/>
      <StringTable CompanyName="Marco Caselli" ProductVersion=""/>
    </VersionInfo>
    <BuildModes Count="5">
      <Item1 Name="NATIVE" Default="True"/>
      <Item2 Name="GTK">
        <MacroValues Count="1">
          <Macro1 Name="LCLWidgetType" Value="gtk2"/>
        </MacroValues>
        <CompilerOptions>
          <Version Value="11"/>
          <PathDelim Value="\"/>
          <Target>
            <Filename Value="..\bin\$(TargetOS)\ovoplayer"/>
          </Target>
          <SearchPaths>
            <IncludeFiles Value="$(ProjOutDir);platform\$(SrcOS)"/>
            <OtherUnitFiles Value="modifiedATL;Import;ovotag;import-engines"/>
            <UnitOutputDirectory Value="lib\$(TargetCPU)-$(TargetOS)"/>
          </SearchPaths>
          <Linking>
            <Debugging>
              <DebugInfoType Value="dsDwarf2Set"/>
              <UseExternalDbgSyms Value="True"/>
            </Debugging>
            <LinkSmart Value="True"/>
            <Options>
              <Win32>
                <GraphicApplication Value="True"/>
              </Win32>
            </Options>
          </Linking>
          <Other>
            <CompilerMessages>
              <UseMsgFile Value="True"/>
            </CompilerMessages>
            <CompilerPath Value="$(CompPath)"/>
          </Other>
          <LCLWidgetType Value="gtk2"/>
        </CompilerOptions>
      </Item2>
      <Item3 Name="QT">
        <MacroValues Count="1">
          <Macro1 Name="LCLWidgetType" Value="qt"/>
        </MacroValues>
        <CompilerOptions>
          <Version Value="11"/>
          <PathDelim Value="\"/>
          <Target>
            <Filename Value="bin\$(LCLWidgetType)\ovoplayer"/>
          </Target>
          <SearchPaths>
            <IncludeFiles Value="$(ProjOutDir);platform\$(SrcOS)"/>
            <OtherUnitFiles Value="modifiedATL;Import"/>
            <UnitOutputDirectory Value="lib\$(TargetCPU)-$(TargetOS)"/>
          </SearchPaths>
          <CodeGeneration>
            <SmartLinkUnit Value="True"/>
          </CodeGeneration>
          <Linking>
            <Debugging>
              <DebugInfoType Value="dsDwarf2Set"/>
              <UseExternalDbgSyms Value="True"/>
            </Debugging>
            <LinkSmart Value="True"/>
            <Options>
              <Win32>
                <GraphicApplication Value="True"/>
              </Win32>
            </Options>
          </Linking>
          <Other>
            <CompilerMessages>
              <UseMsgFile Value="True"/>
            </CompilerMessages>
            <CompilerPath Value="$(CompPath)"/>
          </Other>
          <LCLWidgetType Value="qt"/>
        </CompilerOptions>
      </Item3>
      <Item4 Name="Release">
        <CompilerOptions>
          <Version Value="11"/>
          <PathDelim Value="\"/>
          <Target>
            <Filename Value="..\bin\$(TargetOS)\ovoplayer"/>
          </Target>
          <SearchPaths>
            <IncludeFiles Value="$(ProjOutDir);platform\$(TargetOS)"/>
            <OtherUnitFiles Value="import-engines;ovotag;components\uniqueinstance"/>
            <UnitOutputDirectory Value="lib\$(TargetCPU)-$(TargetOS)"/>
          </SearchPaths>
          <Conditionals Value="if TargetOS = 'darwin' then
   CustomOptions := '-dUseCThreads';

if TargetOS = 'linux' then
   CustomOptions := '-dUseCThreads -dUseStatusIcon';

if LCLWidgetType = 'gtk2' then
   TargetFile := 'bin/GTK/ovoplayer';

if LCLWidgetType = 'qt' then
   TargetFile  := 'bin/QT/ovoplayer';

if LCLWidgetType = 'win32' then
   TargetFile := 'bin/WIN32/ovoplayer';"/>
          <BuildMacros>
            <Count Value="1"/>
            <Item1>
              <Identifier Value="Macro"/>
            </Item1>
          </BuildMacros>
          <CodeGeneration>
            <SmartLinkUnit Value="True"/>
            <RelocatableUnit Value="True"/>
            <Optimizations>
              <VariablesInRegisters Value="True"/>
              <OptimizationLevel Value="2"/>
            </Optimizations>
          </CodeGeneration>
          <Linking>
            <Debugging>
              <GenerateDebugInfo Value="False"/>
              <DebugInfoType Value="dsDwarf2"/>
              <UseLineInfoUnit Value="False"/>
              <StripSymbols Value="True"/>
            </Debugging>
            <LinkSmart Value="True"/>
            <Options>
              <Win32>
                <GraphicApplication Value="True"/>
              </Win32>
            </Options>
          </Linking>
          <Other>
            <CompilerMessages>
              <UseMsgFile Value="True"/>
            </CompilerMessages>
            <ConfigFile>
              <CustomConfigFile Value="True"/>
              <ConfigFilePath Value="..\extrafpc.cfg"/>
            </ConfigFile>
            <CompilerPath Value="$(CompPath)"/>
          </Other>
        </CompilerOptions>
      </Item4>
      <Item5 Name="Custom">
        <MacroValues Count="1">
          <Macro1 Name="LCLWidgetType" Value="customdrawn"/>
        </MacroValues>
        <CompilerOptions>
          <Version Value="11"/>
          <PathDelim Value="\"/>
          <Target>
            <Filename Value="..\bin\$(TargetOS)\ovoplayer"/>
          </Target>
          <SearchPaths>
            <IncludeFiles Value="$(ProjOutDir);platform\$(TargetOS)"/>
            <OtherUnitFiles Value="import-engines;ovotag;components\uniqueinstance"/>
            <UnitOutputDirectory Value="lib\$(TargetCPU)-$(TargetOS)"/>
          </SearchPaths>
          <Conditionals Value="if TargetOS = 'darwin' then
   CustomOptions := '-dUseCThreads';

if TargetOS = 'linux' then
   CustomOptions := '-dUseCThreads -dUseStatusIcon';

if LCLWidgetType = 'gtk2' then
   TargetFile := 'bin/GTK/ovoplayer';

if LCLWidgetType = 'qt' then
   TargetFile  := 'bin/QT/ovoplayer';

if LCLWidgetType = 'win32' then
   TargetFile := 'bin/WIN32/ovoplayer';

if LCLWidgetType = 'customdrawn' then
   TargetFile := 'bin/cd/ovoplayer';"/>
          <BuildMacros>
            <Count Value="1"/>
            <Item1>
              <Identifier Value="Macro"/>
            </Item1>
          </BuildMacros>
          <CodeGeneration>
            <SmartLinkUnit Value="True"/>
            <RelocatableUnit Value="True"/>
            <Checks>
              <IOChecks Value="True"/>
              <OverflowChecks Value="True"/>
            </Checks>
            <Optimizations>
              <OptimizationLevel Value="0"/>
            </Optimizations>
          </CodeGeneration>
          <Linking>
            <Debugging>
              <DebugInfoType Value="dsDwarf2Set"/>
              <UseExternalDbgSyms Value="True"/>
            </Debugging>
            <LinkSmart Value="True"/>
            <Options>
              <LinkerOptions Value="-Wl,-Bsymbolic-functions -Wl,-z,relro"/>
              <Win32>
                <GraphicApplication Value="True"/>
              </Win32>
            </Options>
          </Linking>
          <Other>
            <CompilerMessages>
              <UseMsgFile Value="True"/>
            </CompilerMessages>
            <ConfigFile>
              <CustomConfigFile Value="True"/>
              <ConfigFilePath Value="..\extrafpc.cfg"/>
            </ConfigFile>
            <CompilerPath Value="$(CompPath)"/>
          </Other>
          <LCLWidgetType Value="customdrawn"/>
        </CompilerOptions>
      </Item5>
    </BuildModes>
    <PublishOptions>
      <Version Value="2"/>
      <IncludeFileFilter Value="*.(pas|pp|inc|lfm|lpr|lrs|lpi|lpk|sh|xml)"/>
      <ExcludeFileFilter Value="*.(bak|ppu|o|so);*~;backup"/>
    </PublishOptions>
    <RunParams>
      <local>
        <FormatVersion Value="1"/>
        <LaunchingApplication PathPlusParams="\usr\bin\xterm -T 'Lazarus Run Output' -e $(LazarusDir)\tools\runwait.sh $(TargetCmdLine)"/>
      </local>
    </RunParams>
    <RequiredPackages Count="3">
      <Item1>
        <PackageName Value="SQLDBLaz"/>
        <MinVersion Major="1" Release="1" Valid="True"/>
      </Item1>
      <Item2>
        <PackageName Value="LCLBase"/>
        <MinVersion Major="1" Release="1" Valid="True"/>
      </Item2>
      <Item3>
        <PackageName Value="LCL"/>
      </Item3>
    </RequiredPackages>
    <Units Count="55">
      <Unit0>
        <Filename Value="ovoplayer.lpr"/>
        <IsPartOfProject Value="True"/>
      </Unit0>
      <Unit1>
        <Filename Value="umain.pas"/>
        <IsPartOfProject Value="True"/>
        <ComponentName Value="fMainForm"/>
        <HasResources Value="True"/>
        <ResourceBaseClass Value="Form"/>
        <UnitName Value="uMain"/>
      </Unit1>
      <Unit2>
        <Filename Value="usonginfo.pas"/>
        <IsPartOfProject Value="True"/>
        <ComponentName Value="fSongInfo"/>
        <HasResources Value="True"/>
        <ResourceBaseClass Value="Form"/>
        <UnitName Value="uSongInfo"/>
      </Unit2>
      <Unit3>
        <Filename Value="appconsts.pas"/>
        <IsPartOfProject Value="True"/>
        <UnitName Value="AppConsts"/>
      </Unit3>
      <Unit4>
        <Filename Value="guibackend.pas"/>
        <IsPartOfProject Value="True"/>
        <ComponentName Value="BackEnd"/>
        <HasResources Value="True"/>
        <ResourceBaseClass Value="DataModule"/>
        <UnitName Value="GUIBackEnd"/>
      </Unit4>
      <Unit5>
        <Filename Value="uosd.pas"/>
        <IsPartOfProject Value="True"/>
        <ComponentName Value="fOSD"/>
        <HasResources Value="True"/>
        <ResourceBaseClass Value="Form"/>
        <UnitName Value="uOSD"/>
      </Unit5>
      <Unit6>
        <Filename Value="playlist.pas"/>
        <IsPartOfProject Value="True"/>
        <UnitName Value="PlayList"/>
      </Unit6>
      <Unit7>
        <Filename Value="audioengine.pas"/>
        <IsPartOfProject Value="True"/>
        <UnitName Value="AudioEngine"/>
      </Unit7>
      <Unit8>
        <Filename Value="audioengine_mplayer.pas"/>
        <IsPartOfProject Value="True"/>
        <UnitName Value="AudioEngine_MPlayer"/>
      </Unit8>
      <Unit9>
        <Filename Value="audioengine_bass.pas"/>
        <IsPartOfProject Value="True"/>
        <UnitName Value="audioengine_bass"/>
      </Unit9>
      <Unit10>
        <Filename Value="playlistmanager.pas"/>
        <IsPartOfProject Value="True"/>
        <UnitName Value="PlayListManager"/>
      </Unit10>
      <Unit11>
        <Filename Value="medialibrary.pas"/>
        <IsPartOfProject Value="True"/>
        <UnitName Value="MediaLibrary"/>
      </Unit11>
      <Unit12>
        <Filename Value="multimediakeys.pas"/>
        <IsPartOfProject Value="True"/>
        <UnitName Value="MultimediaKeys"/>
      </Unit12>
      <Unit13>
        <Filename Value="config.pas"/>
        <IsPartOfProject Value="True"/>
        <UnitName Value="Config"/>
      </Unit13>
      <Unit14>
        <Filename Value="audiotag.pas"/>
        <IsPartOfProject Value="True"/>
        <UnitName Value="AudioTag"/>
      </Unit14>
      <Unit15>
        <Filename Value="filessupport.pas"/>
        <IsPartOfProject Value="True"/>
        <UnitName Value="FilesSupport"/>
      </Unit15>
      <Unit16>
        <Filename Value="uminiplayer.pas"/>
        <IsPartOfProject Value="True"/>
        <ComponentName Value="fMiniPlayer"/>
        <HasResources Value="True"/>
        <ResourceBaseClass Value="Form"/>
        <UnitName Value="uMiniPlayer"/>
      </Unit16>
      <Unit17>
        <Filename Value="uconfig.pas"/>
        <IsPartOfProject Value="True"/>
        <ComponentName Value="fConfig"/>
        <HasResources Value="True"/>
        <ResourceBaseClass Value="Form"/>
        <UnitName Value="uConfig"/>
      </Unit17>
      <Unit18>
        <Filename Value="guibackend.lfm"/>
        <IsPartOfProject Value="True"/>
      </Unit18>
      <Unit19>
        <Filename Value="decoupler.pas"/>
        <IsPartOfProject Value="True"/>
        <UnitName Value="decoupler"/>
      </Unit19>
      <Unit20>
        <Filename Value="generalfunc.pas"/>
        <IsPartOfProject Value="True"/>
        <UnitName Value="GeneralFunc"/>
      </Unit20>
      <Unit21>
        <Filename Value="ovoplayer.inc"/>
        <IsPartOfProject Value="True"/>
      </Unit21>
      <Unit22>
        <Filename Value="uabout.pas"/>
        <IsPartOfProject Value="True"/>
        <ComponentName Value="fAbout"/>
        <HasResources Value="True"/>
        <ResourceBaseClass Value="Form"/>
        <UnitName Value="uAbout"/>
      </Unit22>
      <Unit23>
        <Filename Value="Import\xine.pas"/>
        <IsPartOfProject Value="True"/>
        <UnitName Value="xine"/>
      </Unit23>
      <Unit24>
        <Filename Value="audioengine_vlc.pas"/>
        <IsPartOfProject Value="True"/>
        <UnitName Value="audioengine_vlc"/>
      </Unit24>
      <Unit25>
        <Filename Value="Import\lazdynamic_bass.pas"/>
        <IsPartOfProject Value="True"/>
        <UnitName Value="lazdynamic_bass"/>
      </Unit25>
      <Unit26>
        <Filename Value="ovotag\commonfunctions.pas"/>
        <IsPartOfProject Value="True"/>
        <UnitName Value="CommonFunctions"/>
      </Unit26>
      <Unit27>
        <Filename Value="ovotag\file_flac.pas"/>
        <IsPartOfProject Value="True"/>
        <UnitName Value="file_flac"/>
      </Unit27>
      <Unit28>
        <Filename Value="ovotag\file_mp3.pas"/>
        <IsPartOfProject Value="True"/>
        <UnitName Value="file_mp3"/>
      </Unit28>
      <Unit29>
        <Filename Value="ovotag\file_wma.pas"/>
        <IsPartOfProject Value="True"/>
        <UnitName Value="file_wma"/>
      </Unit29>
      <Unit30>
        <Filename Value="ovotag\tag_id3v2.pas"/>
        <IsPartOfProject Value="True"/>
        <UnitName Value="tag_id3v2"/>
      </Unit30>
      <Unit31>
        <Filename Value="ovotag\tag_vorbis.pas"/>
        <IsPartOfProject Value="True"/>
        <UnitName Value="tag_vorbis"/>
      </Unit31>
      <Unit32>
        <Filename Value="ovotag\tag_wma.pas"/>
        <IsPartOfProject Value="True"/>
        <UnitName Value="tag_wma"/>
      </Unit32>
      <Unit33>
        <Filename Value="ovotag\file_ogg.pas"/>
        <IsPartOfProject Value="True"/>
        <UnitName Value="file_ogg"/>
      </Unit33>
      <Unit34>
        <Filename Value="audioengine_dummy.pas"/>
        <IsPartOfProject Value="True"/>
        <UnitName Value="audioengine_dummy"/>
      </Unit34>
      <Unit35>
        <Filename Value="version.inc"/>
        <IsPartOfProject Value="True"/>
      </Unit35>
      <Unit36>
        <Filename Value="ovotag\file_monkey.pas"/>
        <IsPartOfProject Value="True"/>
        <UnitName Value="file_Monkey"/>
      </Unit36>
      <Unit37>
        <Filename Value="ovotag\tag_ape.pas"/>
        <IsPartOfProject Value="True"/>
        <UnitName Value="tag_APE"/>
      </Unit37>
      <Unit38>
        <Filename Value="ovotag\id3v1genres.pas"/>
        <IsPartOfProject Value="True"/>
        <UnitName Value="ID3v1Genres"/>
      </Unit38>
      <Unit39>
        <Filename Value="ovotag\basetag.pas"/>
        <IsPartOfProject Value="True"/>
        <UnitName Value="basetag"/>
      </Unit39>
      <Unit40>
        <Filename Value="ovotag\song.pas"/>
        <IsPartOfProject Value="True"/>
        <UnitName Value="song"/>
      </Unit40>
      <Unit41>
        <Filename Value="import-engines\PasLibVlcUnit.pas"/>
        <IsPartOfProject Value="True"/>
        <UnitName Value="PasLibVlcUnit"/>
      </Unit41>
      <Unit42>
        <Filename Value="customdrawn_ovoplayer.pas"/>
        <IsPartOfProject Value="True"/>
        <UnitName Value="customdrawn_ovoplayer"/>
      </Unit42>
      <Unit43>
        <Filename Value="ovotag\file_dummy.pas"/>
        <IsPartOfProject Value="True"/>
        <UnitName Value="file_Dummy"/>
      </Unit43>
      <Unit44>
        <Filename Value="ovotag\tag_dummy.pas"/>
        <IsPartOfProject Value="True"/>
        <UnitName Value="tag_Dummy"/>
      </Unit44>
      <Unit45>
        <Filename Value="audioengine_dshow.pas"/>
        <IsPartOfProject Value="True"/>
        <UnitName Value="audioengine_DShow"/>
      </Unit45>
      <Unit46>
        <Filename Value="import-engines\mediafoundation.pas"/>
        <IsPartOfProject Value="True"/>
        <UnitName Value="mediafoundation"/>
      </Unit46>
      <Unit47>
        <Filename Value="ucover.pas"/>
        <IsPartOfProject Value="True"/>
        <ComponentName Value="fCover"/>
        <HasResources Value="True"/>
        <ResourceBaseClass Value="Form"/>
        <UnitName Value="uCover"/>
      </Unit47>
      <Unit48>
        <Filename Value="audioengine_openlib.pas"/>
        <IsPartOfProject Value="True"/>
        <UnitName Value="AudioEngine_OpenLib"/>
      </Unit48>
      <Unit49>
        <Filename Value="import-engines\mediadshow.pas"/>
        <IsPartOfProject Value="True"/>
        <UnitName Value="mediadshow"/>
      </Unit49>
      <Unit50>
        <Filename Value="import-engines\uos.pas"/>
        <IsPartOfProject Value="True"/>
        <UnitName Value="uos"/>
      </Unit50>
      <Unit51>
        <Filename Value="audioengine_uos.pas"/>
        <IsPartOfProject Value="True"/>
        <UnitName Value="AudioEngine_UOS"/>
      </Unit51>
      <Unit52>
        <Filename Value="import-engines\uos_libsndfile.pas"/>
        <IsPartOfProject Value="True"/>
        <UnitName Value="uos_libsndfile"/>
      </Unit52>
      <Unit53>
        <Filename Value="import-engines\uos_mpg123.pas"/>
        <IsPartOfProject Value="True"/>
        <UnitName Value="uos_mpg123"/>
      </Unit53>
      <Unit54>
        <Filename Value="import-engines\uos_portaudio.pas"/>
        <IsPartOfProject Value="True"/>
        <UnitName Value="uos_portaudio"/>
      </Unit54>
    </Units>
  </ProjectOptions>
  <CompilerOptions>
    <Version Value="11"/>
    <PathDelim Value="\"/>
    <Target>
      <Filename Value="..\bin\$(TargetOS)\ovoplayer"/>
    </Target>
    <SearchPaths>
      <IncludeFiles Value="$(ProjOutDir);platform\$(TargetOS)"/>
      <OtherUnitFiles Value="import-engines;ovotag;components\uniqueinstance"/>
      <UnitOutputDirectory Value="lib\$(TargetCPU)-$(TargetOS)"/>
    </SearchPaths>
    <Conditionals Value="if TargetOS = 'darwin' then
   CustomOptions := '-dUseCThreads';

if TargetOS = 'linux' then
   CustomOptions := '-dUseCThreads -dUseStatusIcon';

if LCLWidgetType = 'gtk2' then
   TargetFile := 'bin/GTK/ovoplayer';

if LCLWidgetType = 'qt' then
   TargetFile  := 'bin/QT/ovoplayer';

if LCLWidgetType = 'win32' then
   TargetFile := 'bin/WIN32/ovoplayer';"/>
    <BuildMacros>
      <Count Value="1"/>
      <Item1>
        <Identifier Value="Macro"/>
      </Item1>
    </BuildMacros>
    <CodeGeneration>
      <Checks>
        <IOChecks Value="True"/>
        <RangeChecks Value="True"/>
        <OverflowChecks Value="True"/>
        <StackChecks Value="True"/>
      </Checks>
      <Optimizations>
        <OptimizationLevel Value="0"/>
      </Optimizations>
    </CodeGeneration>
    <Linking>
      <Debugging>
        <DebugInfoType Value="dsDwarf2Set"/>
        <UseExternalDbgSyms Value="True"/>
      </Debugging>
      <Options>
        <Win32>
          <GraphicApplication Value="True"/>
        </Win32>
      </Options>
    </Linking>
    <Other>
      <CompilerMessages>
        <UseMsgFile Value="True"/>
      </CompilerMessages>
      <ConfigFile>
        <CustomConfigFile Value="True"/>
        <ConfigFilePath Value="..\extrafpc.cfg"/>
      </ConfigFile>
      <CompilerPath Value="$(CompPath)"/>
    </Other>
  </CompilerOptions>
  <Debugging>
    <Exceptions Count="4">
      <Item1>
        <Name Value="EAbort"/>
      </Item1>
      <Item2>
        <Name Value="ECodetoolError"/>
      </Item2>
      <Item3>
        <Name Value="EFOpenError"/>
      </Item3>
      <Item4>
        <Name Value="Exception"/>
        <Enabled Value="False"/>
      </Item4>
    </Exceptions>
  </Debugging>
</CONFIG>
